
Microsoft Visual Studio Solution File, Format Version 12.00
# Visual Studio Version 16
VisualStudioVersion = 16.0.29123.88
MinimumVisualStudioVersion = 10.0.40219.1
Project("{FAE04EC0-301F-11D3-BF4B-00C04F79EFBC}") = "PlayWithRandomNumber", "WindowsFormsApplication3\PlayWithRandomNumber.csproj", "{441E5354-78D1-4493-A540-A1D5AA8FE7F7}"
EndProject
Global
	GlobalSection(SolutionConfigurationPlatforms) = preSolution
		Debug|Any CPU = Debug|Any CPU
		Release|Any CPU = Release|Any CPU
	EndGlobalSection
	GlobalSection(ProjectConfigurationPlatforms) = postSolution
		{441E5354-78D1-4493-A540-A1D5AA8FE7F7}.Debug|Any CPU.ActiveCfg = Debug|Any CPU
		{441E5354-78D1-4493-A540-A1D5AA8FE7F7}.Debug|Any CPU.Build.0 = Debug|Any CPU
		{441E5354-78D1-4493-A540-A1D5AA8FE7F7}.Release|Any CPU.ActiveCfg = Release|Any CPU
		{441E5354-78D1-4493-A540-A1D5AA8FE7F7}.Release|Any CPU.Build.0 = Release|Any CPU
	EndGlobalSection
	GlobalSection(SolutionProperties) = preSolution
		HideSolutionNode = FALSE
	EndGlobalSection
	GlobalSection(ExtensibilityGlobals) = postSolution
		SolutionGuid = {678F0D55-7E8B-4E22-A123-6AFEC44E7962}
	EndGlobalSection
EndGlobal
